
Microsoft Visual Studio Solution File, Format Version 12.00
# Visual Studio Version 16
VisualStudioVersion = 16.0.31624.102
MinimumVisualStudioVersion = 10.0.40219.1
Project("{9A19103F-16F7-4668-BE54-9A1E7A4F7556}") = "BookReaderASP.NETCore", "BookReaderASPNETCore\BookReaderASP.NETCore.csproj", "{C9B9623A-3F21-4440-8627-305E9D487C3D}"
EndProject
Project("{9A19103F-16F7-4668-BE54-9A1E7A4F7556}") = "BookReaderConsole", "BookReaderConsole\BookReaderConsole.csproj", "{06BE24F5-F4A5-4905-8A1C-1552AAE0FD0F}"
EndProject
Project("{2150E333-8FDC-42A3-9474-1A3956D46DE8}") = "Solution Items", "Solution Items", "{C813B66A-3287-4BFE-84D6-F6DE37C11B80}"
	ProjectSection(SolutionItems) = preProject
		.gitignore = .gitignore
	EndProjectSection
EndProject
Global
	GlobalSection(SolutionConfigurationPlatforms) = preSolution
		Debug|Any CPU = Debug|Any CPU
		Release|Any CPU = Release|Any CPU
	EndGlobalSection
	GlobalSection(ProjectConfigurationPlatforms) = postSolution
		{C9B9623A-3F21-4440-8627-305E9D487C3D}.Debug|Any CPU.ActiveCfg = Debug|Any CPU
		{C9B9623A-3F21-4440-8627-305E9D487C3D}.Debug|Any CPU.Build.0 = Debug|Any CPU
		{C9B9623A-3F21-4440-8627-305E9D487C3D}.Release|Any CPU.ActiveCfg = Release|Any CPU
		{C9B9623A-3F21-4440-8627-305E9D487C3D}.Release|Any CPU.Build.0 = Release|Any CPU
		{06BE24F5-F4A5-4905-8A1C-1552AAE0FD0F}.Debug|Any CPU.ActiveCfg = Debug|Any CPU
		{06BE24F5-F4A5-4905-8A1C-1552AAE0FD0F}.Debug|Any CPU.Build.0 = Debug|Any CPU
		{06BE24F5-F4A5-4905-8A1C-1552AAE0FD0F}.Release|Any CPU.ActiveCfg = Release|Any CPU
		{06BE24F5-F4A5-4905-8A1C-1552AAE0FD0F}.Release|Any CPU.Build.0 = Release|Any CPU
	EndGlobalSection
	GlobalSection(SolutionProperties) = preSolution
		HideSolutionNode = FALSE
	EndGlobalSection
	GlobalSection(ExtensibilityGlobals) = postSolution
		SolutionGuid = {0961C105-BD7E-4005-AC0F-922A81AD27A4}
	EndGlobalSection
EndGlobal
